
Microsoft Visual Studio Solution File, Format Version 12.00
# Visual Studio Version 16
VisualStudioVersion = 16.0.29102.190
MinimumVisualStudioVersion = 10.0.40219.1
Project("{FAE04EC0-301F-11D3-BF4B-00C04F79EFBC}") = "ConFinServer", "ConFinServer\ConFinServer.csproj", "{32C03F0C-2163-4162-9B97-64B025D9B52B}"
EndProject
Global
	GlobalSection(SolutionConfigurationPlatforms) = preSolution
		Debug|Any CPU = Debug|Any CPU
		Release|Any CPU = Release|Any CPU
	EndGlobalSection
	GlobalSection(ProjectConfigurationPlatforms) = postSolution
		{32C03F0C-2163-4162-9B97-64B025D9B52B}.Debug|Any CPU.ActiveCfg = Debug|Any CPU
		{32C03F0C-2163-4162-9B97-64B025D9B52B}.Debug|Any CPU.Build.0 = Debug|Any CPU
		{32C03F0C-2163-4162-9B97-64B025D9B52B}.Release|Any CPU.ActiveCfg = Release|Any CPU
		{32C03F0C-2163-4162-9B97-64B025D9B52B}.Release|Any CPU.Build.0 = Release|Any CPU
	EndGlobalSection
	GlobalSection(SolutionProperties) = preSolution
		HideSolutionNode = FALSE
	EndGlobalSection
	GlobalSection(ExtensibilityGlobals) = postSolution
		SolutionGuid = {C4507DFD-F92A-41DB-B3CF-A91F7EB4B643}
	EndGlobalSection
EndGlobal
